
Microsoft Visual Studio Solution File, Format Version 12.00
# Visual Studio Version 16
VisualStudioVersion = 16.0.30611.23
MinimumVisualStudioVersion = 10.0.40219.1
Project("{888888A0-9F3D-457C-B088-3A5042F75D52}") = "SOLID", "SOLID\SOLID.pyproj", "{75C18A5C-FE70-4E0B-941A-2CBECB3C1F9F}"
EndProject
Global
	GlobalSection(SolutionConfigurationPlatforms) = preSolution
		Debug|Any CPU = Debug|Any CPU
		Release|Any CPU = Release|Any CPU
	EndGlobalSection
	GlobalSection(ProjectConfigurationPlatforms) = postSolution
		{75C18A5C-FE70-4E0B-941A-2CBECB3C1F9F}.Debug|Any CPU.ActiveCfg = Debug|Any CPU
		{75C18A5C-FE70-4E0B-941A-2CBECB3C1F9F}.Release|Any CPU.ActiveCfg = Release|Any CPU
	EndGlobalSection
	GlobalSection(SolutionProperties) = preSolution
		HideSolutionNode = FALSE
	EndGlobalSection
	GlobalSection(ExtensibilityGlobals) = postSolution
		SolutionGuid = {8700310E-CBE5-4F60-8811-0FE3D3A1E44C}
	EndGlobalSection
EndGlobal
